{
  "name": "aggregation-framework",
  "version": "0.1.0",
  "lockfileVersion": 1,
  "requires": true,
  "dependencies": {
    "composable-utils": {
      "version": "0.1.7",
      "resolved": "https://registry.npmjs.org/composable-utils/-/composable-utils-0.1.7.tgz",
      "integrity": "sha512-/cR32zsfGLASkpdlr6KwEJQeHW+tsxTSrhKvMGzac+vcOzac354JbnukZ3FhC6S+CZfjYUz9UCpcRteA05A4Kw=="
    },
    "deeply-object-assign": {
      "version": "1.0.0",
      "resolved": "https://registry.npmjs.org/deeply-object-assign/-/deeply-object-assign-1.0.0.tgz",
      "integrity": "sha512-yIkIT+3DnCy2UiXSdPF3bfA5qxBFyjBoUqFyOm29dol2GUfkQoJ1F1+yxQ9xD+BGFk97dwkm10zcYPSzOrheZA==",
      "requires": {
        "realtypeof": "^1.1.0"
      }
    },
    "realtypeof": {
      "version": "1.1.0",
      "resolved": "https://registry.npmjs.org/realtypeof/-/realtypeof-1.1.0.tgz",
      "integrity": "sha512-EHIhnB9TIEfGloel5TW+apxmLdHx4Uj7LmvLR7HTMaWnVCIyrtMqbD9J+tC8aGNVyHa+Sg6p4ff8oembDvuT3g=="
    }
  }
}
